// !$*UTF8*$!
{
	archiveVersion = 1;
	classes = {
	};
	objectVersion = 55;
	objects = {

/* Begin PBXBuildFile section */
		2143024F2929DDE3000E74D0 /* AppDelegate.swift in Sources */ = {isa = PBXBuildFile; fileRef = 2143024E2929DDE3000E74D0 /* AppDelegate.swift */; };
		214302512929DDE3000E74D0 /* SceneDelegate.swift in Sources */ = {isa = PBXBuildFile; fileRef = 214302502929DDE3000E74D0 /* SceneDelegate.swift */; };
		214302532929DDE3000E74D0 /* ViewController.swift in Sources */ = {isa = PBXBuildFile; fileRef = 214302522929DDE3000E74D0 /* ViewController.swift */; };
		214302562929DDE3000E74D0 /* Main.storyboard in Resources */ = {isa = PBXBuildFile; fileRef = 214302542929DDE3000E74D0 /* Main.storyboard */; };
		214302582929DDE4000E74D0 /* Assets.xcassets in Resources */ = {isa = PBXBuildFile; fileRef = 214302572929DDE4000E74D0 /* Assets.xcassets */; };
		2143025B2929DDE4000E74D0 /* LaunchScreen.storyboard in Resources */ = {isa = PBXBuildFile; fileRef = 214302592929DDE4000E74D0 /* LaunchScreen.storyboard */; };
		214302662929DDE4000E74D0 /* HackwichEleven_Tests.swift in Sources */ = {isa = PBXBuildFile; fileRef = 214302652929DDE4000E74D0 /* HackwichEleven_Tests.swift */; };
		214302702929DDE4000E74D0 /* HackwichEleven_UITests.swift in Sources */ = {isa = PBXBuildFile; fileRef = 2143026F2929DDE4000E74D0 /* HackwichEleven_UITests.swift */; };
		214302722929DDE4000E74D0 /* HackwichEleven_UITestsLaunchTests.swift in Sources */ = {isa = PBXBuildFile; fileRef = 214302712929DDE4000E74D0 /* HackwichEleven_UITestsLaunchTests.swift */; };
		214302812929EBB9000E74D0 /* Restaurant.swift in Sources */ = {isa = PBXBuildFile; fileRef = 214302802929EBB9000E74D0 /* Restaurant.swift */; };
/* End PBXBuildFile section */

/* Begin PBXContainerItemProxy section */
		214302622929DDE4000E74D0 /* PBXContainerItemProxy */ = {
			isa = PBXContainerItemProxy;
			containerPortal = 214302432929DDE3000E74D0 /* Project object */;
			proxyType = 1;
			remoteGlobalIDString = 2143024A2929DDE3000E74D0;
			remoteInfo = "HackwichEleven!";
		};
		2143026C2929DDE4000E74D0 /* PBXContainerItemProxy */ = {
			isa = PBXContainerItemProxy;
			containerPortal = 214302432929DDE3000E74D0 /* Project object */;
			proxyType = 1;
			remoteGlobalIDString = 2143024A2929DDE3000E74D0;
			remoteInfo = "HackwichEleven!";
		};
/* End PBXContainerItemProxy section */

/* Begin PBXFileReference section */
		2143024B2929DDE3000E74D0 /* HackwichEleven!.app */ = {isa = PBXFileReference; explicitFileType = wrapper.application; includeInIndex = 0; path = "HackwichEleven!.app"; sourceTree = BUILT_PRODUCTS_DIR; };
		2143024E2929DDE3000E74D0 /* AppDelegate.swift */ = {isa = PBXFileReference; lastKnownFileType = sourcecode.swift; path = AppDelegate.swift; sourceTree = "<group>"; };
		214302502929DDE3000E74D0 /* SceneDelegate.swift */ = {isa = PBXFileReference; lastKnownFileType = sourcecode.swift; path = SceneDelegate.swift; sourceTree = "<group>"; };
		214302522929DDE3000E74D0 /* ViewController.swift */ = {isa = PBXFileReference; lastKnownFileType = sourcecode.swift; path = ViewController.swift; sourceTree = "<group>"; };
		214302552929DDE3000E74D0 /* Base */ = {isa = PBXFileReference; lastKnownFileType = file.storyboard; name = Base; path = Base.lproj/Main.storyboard; sourceTree = "<group>"; };
		214302572929DDE4000E74D0 /* Assets.xcassets */ = {isa = PBXFileReference; lastKnownFileType = folder.assetcatalog; path = Assets.xcassets; sourceTree = "<group>"; };
		2143025A2929DDE4000E74D0 /* Base */ = {isa = PBXFileReference; lastKnownFileType = file.storyboard; name = Base; path = Base.lproj/LaunchScreen.storyboard; sourceTree = "<group>"; };
		2143025C2929DDE4000E74D0 /* Info.plist */ = {isa = PBXFileReference; lastKnownFileType = text.plist.xml; path = Info.plist; sourceTree = "<group>"; };
		214302612929DDE4000E74D0 /* HackwichEleven!Tests.xctest */ = {isa = PBXFileReference; explicitFileType = wrapper.cfbundle; includeInIndex = 0; path = "HackwichEleven!Tests.xctest"; sourceTree = BUILT_PRODUCTS_DIR; };
		214302652929DDE4000E74D0 /* HackwichEleven_Tests.swift */ = {isa = PBXFileReference; lastKnownFileType = sourcecode.swift; path = HackwichEleven_Tests.swift; sourceTree = "<group>"; };
		2143026B2929DDE4000E74D0 /* HackwichEleven!UITests.xctest */ = {isa = PBXFileReference; explicitFileType = wrapper.cfbundle; includeInIndex = 0; path = "HackwichEleven!UITests.xctest"; sourceTree = BUILT_PRODUCTS_DIR; };
		2143026F2929DDE4000E74D0 /* HackwichEleven_UITests.swift */ = {isa = PBXFileReference; lastKnownFileType = sourcecode.swift; path = HackwichEleven_UITests.swift; sourceTree = "<group>"; };
		214302712929DDE4000E74D0 /* HackwichEleven_UITestsLaunchTests.swift */ = {isa = PBXFileReference; lastKnownFileType = sourcecode.swift; path = HackwichEleven_UITestsLaunchTests.swift; sourceTree = "<group>"; };
		214302802929EBB9000E74D0 /* Restaurant.swift */ = {isa = PBXFileReference; lastKnownFileType = sourcecode.swift; path = Restaurant.swift; sourceTree = "<group>"; };
/* End PBXFileReference section */

/* Begin PBXFrameworksBuildPhase section */
		214302482929DDE3000E74D0 /* Frameworks */ = {
			isa = PBXFrameworksBuildPhase;
			buildActionMask = 2147483647;
			files = (
			);
			runOnlyForDeploymentPostprocessing = 0;
		};
		2143025E2929DDE4000E74D0 /* Frameworks */ = {
			isa = PBXFrameworksBuildPhase;
			buildActionMask = 2147483647;
			files = (
			);
			runOnlyForDeploymentPostprocessing = 0;
		};
		214302682929DDE4000E74D0 /* Frameworks */ = {
			isa = PBXFrameworksBuildPhase;
			buildActionMask = 2147483647;
			files = (
			);
			runOnlyForDeploymentPostprocessing = 0;
		};
/* End PBXFrameworksBuildPhase section */

/* Begin PBXGroup section */
		214302422929DDE3000E74D0 = {
			isa = PBXGroup;
			children = (
				214302802929EBB9000E74D0 /* Restaurant.swift */,
				2143024D2929DDE3000E74D0 /* HackwichEleven! */,
				214302642929DDE4000E74D0 /* HackwichEleven!Tests */,
				2143026E2929DDE4000E74D0 /* HackwichEleven!UITests */,
				2143024C2929DDE3000E74D0 /* Products */,
			);
			sourceTree = "<group>";
		};
		2143024C2929DDE3000E74D0 /* Products */ = {
			isa = PBXGroup;
			children = (
				2143024B2929DDE3000E74D0 /* HackwichEleven!.app */,
				214302612929DDE4000E74D0 /* HackwichEleven!Tests.xctest */,
				2143026B2929DDE4000E74D0 /* HackwichEleven!UITests.xctest */,
			);
			name = Products;
			sourceTree = "<group>";
		};
		2143024D2929DDE3000E74D0 /* HackwichEleven! */ = {
			isa = PBXGroup;
			children = (
				2143024E2929DDE3000E74D0 /* AppDelegate.swift */,
				214302502929DDE3000E74D0 /* SceneDelegate.swift */,
				214302522929DDE3000E74D0 /* ViewController.swift */,
				214302542929DDE3000E74D0 /* Main.storyboard */,
				214302572929DDE4000E74D0 /* Assets.xcassets */,
				214302592929DDE4000E74D0 /* LaunchScreen.storyboard */,
				2143025C2929DDE4000E74D0 /* Info.plist */,
			);
			path = "HackwichEleven!";
			sourceTree = "<group>";
		};
		214302642929DDE4000E74D0 /* HackwichEleven!Tests */ = {
			isa = PBXGroup;
			children = (
				214302652929DDE4000E74D0 /* HackwichEleven_Tests.swift */,
			);
			path = "HackwichEleven!Tests";
			sourceTree = "<group>";
		};
		2143026E2929DDE4000E74D0 /* HackwichEleven!UITests */ = {
			isa = PBXGroup;
			children = (
				2143026F2929DDE4000E74D0 /* HackwichEleven_UITests.swift */,
				214302712929DDE4000E74D0 /* HackwichEleven_UITestsLaunchTests.swift */,
			);
			path = "HackwichEleven!UITests";
			sourceTree = "<group>";
		};
/* End PBXGroup section */

/* Begin PBXNativeTarget section */
		2143024A2929DDE3000E74D0 /* HackwichEleven! */ = {
			isa = PBXNativeTarget;
			buildConfigurationList = 214302752929DDE4000E74D0 /* Build configuration list for PBXNativeTarget "HackwichEleven!" */;
			buildPhases = (
				214302472929DDE3000E74D0 /* Sources */,
				214302482929DDE3000E74D0 /* Frameworks */,
				214302492929DDE3000E74D0 /* Resources */,
			);
			buildRules = (
			);
			dependencies = (
			);
			name = "HackwichEleven!";
			productName = "HackwichEleven!";
			productReference = 2143024B2929DDE3000E74D0 /* HackwichEleven!.app */;
			productType = "com.apple.product-type.application";
		};
		214302602929DDE4000E74D0 /* HackwichEleven!Tests */ = {
			isa = PBXNativeTarget;
			buildConfigurationList = 214302782929DDE4000E74D0 /* Build configuration list for PBXNativeTarget "HackwichEleven!Tests" */;
			buildPhases = (
				2143025D2929DDE4000E74D0 /* Sources */,
				2143025E2929DDE4000E74D0 /* Frameworks */,
				2143025F2929DDE4000E74D0 /* Resources */,
			);
			buildRules = (
			);
			dependencies = (
				214302632929DDE4000E74D0 /* PBXTargetDependency */,
			);
			name = "HackwichEleven!Tests";
			productName = "HackwichEleven!Tests";
			productReference = 214302612929DDE4000E74D0 /* HackwichEleven!Tests.xctest */;
			productType = "com.apple.product-type.bundle.unit-test";
		};
		2143026A2929DDE4000E74D0 /* HackwichEleven!UITests */ = {
			isa = PBXNativeTarget;
			buildConfigurationList = 2143027B2929DDE4000E74D0 /* Build configuration list for PBXNativeTarget "HackwichEleven!UITests" */;
			buildPhases = (
				214302672929DDE4000E74D0 /* Sources */,
				214302682929DDE4000E74D0 /* Frameworks */,
				214302692929DDE4000E74D0 /* Resources */,
			);
			buildRules = (
			);
			dependencies = (
				2143026D2929DDE4000E74D0 /* PBXTargetDependency */,
			);
			name = "HackwichEleven!UITests";
			productName = "HackwichEleven!UITests";
			productReference = 2143026B2929DDE4000E74D0 /* HackwichEleven!UITests.xctest */;
			productType = "com.apple.product-type.bundle.ui-testing";
		};
/* End PBXNativeTarget section */

/* Begin PBXProject section */
		214302432929DDE3000E74D0 /* Project object */ = {
			isa = PBXProject;
			attributes = {
				BuildIndependentTargetsInParallel = 1;
				LastSwiftUpdateCheck = 1340;
				LastUpgradeCheck = 1340;
				TargetAttributes = {
					2143024A2929DDE3000E74D0 = {
						CreatedOnToolsVersion = 13.4.1;
					};
					214302602929DDE4000E74D0 = {
						CreatedOnToolsVersion = 13.4.1;
						TestTargetID = 2143024A2929DDE3000E74D0;
					};
					2143026A2929DDE4000E74D0 = {
						CreatedOnToolsVersion = 13.4.1;
						TestTargetID = 2143024A2929DDE3000E74D0;
					};
				};
			};
			buildConfigurationList = 214302462929DDE3000E74D0 /* Build configuration list for PBXProject "HackwichEleven!" */;
			compatibilityVersion = "Xcode 13.0";
			developmentRegion = en;
			hasScannedForEncodings = 0;
			knownRegions = (
				en,
				Base,
			);
			mainGroup = 214302422929DDE3000E74D0;
			productRefGroup = 2143024C2929DDE3000E74D0 /* Products */;
			projectDirPath = "";
			projectRoot = "";
			targets = (
				2143024A2929DDE3000E74D0 /* HackwichEleven! */,
				214302602929DDE4000E74D0 /* HackwichEleven!Tests */,
				2143026A2929DDE4000E74D0 /* HackwichEleven!UITests */,
			);
		};
/* End PBXProject section */

/* Begin PBXResourcesBuildPhase section */
		214302492929DDE3000E74D0 /* Resources */ = {
			isa = PBXResourcesBuildPhase;
			buildActionMask = 2147483647;
			files = (
				2143025B2929DDE4000E74D0 /* LaunchScreen.storyboard in Resources */,
				214302582929DDE4000E74D0 /* Assets.xcassets in Resources */,
				214302562929DDE3000E74D0 /* Main.storyboard in Resources */,
			);
			runOnlyForDeploymentPostprocessing = 0;
		};
		2143025F2929DDE4000E74D0 /* Resources */ = {
			isa = PBXResourcesBuildPhase;
			buildActionMask = 2147483647;
			files = (
			);
			runOnlyForDeploymentPostprocessing = 0;
		};
		214302692929DDE4000E74D0 /* Resources */ = {
			isa = PBXResourcesBuildPhase;
			buildActionMask = 2147483647;
			files = (
			);
			runOnlyForDeploymentPostprocessing = 0;
		};
/* End PBXResourcesBuildPhase section */

/* Begin PBXSourcesBuildPhase section */
		214302472929DDE3000E74D0 /* Sources */ = {
			isa = PBXSourcesBuildPhase;
			buildActionMask = 2147483647;
			files = (
				214302812929EBB9000E74D0 /* Restaurant.swift in Sources */,
				214302532929DDE3000E74D0 /* ViewController.swift in Sources */,
				2143024F2929DDE3000E74D0 /* AppDelegate.swift in Sources */,
				214302512929DDE3000E74D0 /* SceneDelegate.swift in Sources */,
			);
			runOnlyForDeploymentPostprocessing = 0;
		};
		2143025D2929DDE4000E74D0 /* Sources */ = {
			isa = PBXSourcesBuildPhase;
			buildActionMask = 2147483647;
			files = (
				214302662929DDE4000E74D0 /* HackwichEleven_Tests.swift in Sources */,
			);
			runOnlyForDeploymentPostprocessing = 0;
		};
		214302672929DDE4000E74D0 /* Sources */ = {
			isa = PBXSourcesBuildPhase;
			buildActionMask = 2147483647;
			files = (
				214302702929DDE4000E74D0 /* HackwichEleven_UITests.swift in Sources */,
				214302722929DDE4000E74D0 /* HackwichEleven_UITestsLaunchTests.swift in Sources */,
			);
			runOnlyForDeploymentPostprocessing = 0;
		};
/* End PBXSourcesBuildPhase section */

/* Begin PBXTargetDependency section */
		214302632929DDE4000E74D0 /* PBXTargetDependency */ = {
			isa = PBXTargetDependency;
			target = 2143024A2929DDE3000E74D0 /* HackwichEleven! */;
			targetProxy = 214302622929DDE4000E74D0 /* PBXContainerItemProxy */;
		};
		2143026D2929DDE4000E74D0 /* PBXTargetDependency */ = {
			isa = PBXTargetDependency;
			target = 2143024A2929DDE3000E74D0 /* HackwichEleven! */;
			targetProxy = 2143026C2929DDE4000E74D0 /* PBXContainerItemProxy */;
		};
/* End PBXTargetDependency section */

/* Begin PBXVariantGroup section */
		214302542929DDE3000E74D0 /* Main.storyboard */ = {
			isa = PBXVariantGroup;
			children = (
				214302552929DDE3000E74D0 /* Base */,
			);
			name = Main.storyboard;
			sourceTree = "<group>";
		};
		214302592929DDE4000E74D0 /* LaunchScreen.storyboard */ = {
			isa = PBXVariantGroup;
			children = (
				2143025A2929DDE4000E74D0 /* Base */,
			);
			name = LaunchScreen.storyboard;
			sourceTree = "<group>";
		};
/* End PBXVariantGroup section */

/* Begin XCBuildConfiguration section */
		214302732929DDE4000E74D0 /* Debug */ = {
			isa = XCBuildConfiguration;
			buildSettings = {
				ALWAYS_SEARCH_USER_PATHS = NO;
				CLANG_ANALYZER_NONNULL = YES;
				CLANG_ANALYZER_NUMBER_OBJECT_CONVERSION = YES_AGGRESSIVE;
				CLANG_CXX_LANGUAGE_STANDARD = "gnu++17";
				CLANG_ENABLE_MODULES = YES;
				CLANG_ENABLE_OBJC_ARC = YES;
				CLANG_ENABLE_OBJC_WEAK = YES;
				CLANG_WARN_BLOCK_CAPTURE_AUTORELEASING = YES;
				CLANG_WARN_BOOL_CONVERSION = YES;
				CLANG_WARN_COMMA = YES;
				CLANG_WARN_CONSTANT_CONVERSION = YES;
				CLANG_WARN_DEPRECATED_OBJC_IMPLEMENTATIONS = YES;
				CLANG_WARN_DIRECT_OBJC_ISA_USAGE = YES_ERROR;
				CLANG_WARN_DOCUMENTATION_COMMENTS = YES;
				CLANG_WARN_EMPTY_BODY = YES;
				CLANG_WARN_ENUM_CONVERSION = YES;
				CLANG_WARN_INFINITE_RECURSION = YES;
				CLANG_WARN_INT_CONVERSION = YES;
				CLANG_WARN_NON_LITERAL_NULL_CONVERSION = YES;
				CLANG_WARN_OBJC_IMPLICIT_RETAIN_SELF = YES;
				CLANG_WARN_OBJC_LITERAL_CONVERSION = YES;
				CLANG_WARN_OBJC_ROOT_CLASS = YES_ERROR;
				CLANG_WARN_QUOTED_INCLUDE_IN_FRAMEWORK_HEADER = YES;
				CLANG_WARN_RANGE_LOOP_ANALYSIS = YES;
				CLANG_WARN_STRICT_PROTOTYPES = YES;
				CLANG_WARN_SUSPICIOUS_MOVE = YES;
				CLANG_WARN_UNGUARDED_AVAILABILITY = YES_AGGRESSIVE;
				CLANG_WARN_UNREACHABLE_CODE = YES;
				CLANG_WARN__DUPLICATE_METHOD_MATCH = YES;
				COPY_PHASE_STRIP = NO;
				DEBUG_INFORMATION_FORMAT = dwarf;
				ENABLE_STRICT_OBJC_MSGSEND = YES;
				ENABLE_TESTABILITY = YES;
				GCC_C_LANGUAGE_STANDARD = gnu11;
				GCC_DYNAMIC_NO_PIC = NO;
				GCC_NO_COMMON_BLOCKS = YES;
				GCC_OPTIMIZATION_LEVEL = 0;
				GCC_PREPROCESSOR_DEFINITIONS = (
					"DEBUG=1",
					"$(inherited)",
				);
				GCC_WARN_64_TO_32_BIT_CONVERSION = YES;
				GCC_WARN_ABOUT_RETURN_TYPE = YES_ERROR;
				GCC_WARN_UNDECLARED_SELECTOR = YES;
				GCC_WARN_UNINITIALIZED_AUTOS = YES_AGGRESSIVE;
				GCC_WARN_UNUSED_FUNCTION = YES;
				GCC_WARN_UNUSED_VARIABLE = YES;
				IPHONEOS_DEPLOYMENT_TARGET = 15.5;
				MTL_ENABLE_DEBUG_INFO = INCLUDE_SOURCE;
				MTL_FAST_MATH = YES;
				ONLY_ACTIVE_ARCH = YES;
				SDKROOT = iphoneos;
				SWIFT_ACTIVE_COMPILATION_CONDITIONS = DEBUG;
				SWIFT_OPTIMIZATION_LEVEL = "-Onone";
			};
			name = Debug;
		};
		214302742929DDE4000E74D0 /* Release */ = {
			isa = XCBuildConfiguration;
			buildSettings = {
				ALWAYS_SEARCH_USER_PATHS = NO;
				CLANG_ANALYZER_NONNULL = YES;
				CLANG_ANALYZER_NUMBER_OBJECT_CONVERSION = YES_AGGRESSIVE;
				CLANG_CXX_LANGUAGE_STANDARD = "gnu++17";
				CLANG_ENABLE_MODULES = YES;
				CLANG_ENABLE_OBJC_ARC = YES;
				CLANG_ENABLE_OBJC_WEAK = YES;
				CLANG_WARN_BLOCK_CAPTURE_AUTORELEASING = YES;
				CLANG_WARN_BOOL_CONVERSION = YES;
				CLANG_WARN_COMMA = YES;
				CLANG_WARN_CONSTANT_CONVERSION = YES;
				CLANG_WARN_DEPRECATED_OBJC_IMPLEMENTATIONS = YES;
				CLANG_WARN_DIRECT_OBJC_ISA_USAGE = YES_ERROR;
				CLANG_WARN_DOCUMENTATION_COMMENTS = YES;
				CLANG_WARN_EMPTY_BODY = YES;
				CLANG_WARN_ENUM_CONVERSION = YES;
				CLANG_WARN_INFINITE_RECURSION = YES;
				CLANG_WARN_INT_CONVERSION = YES;
				CLANG_WARN_NON_LITERAL_NULL_CONVERSION = YES;
				CLANG_WARN_OBJC_IMPLICIT_RETAIN_SELF = YES;
				CLANG_WARN_OBJC_LITERAL_CONVERSION = YES;
				CLANG_WARN_OBJC_ROOT_CLASS = YES_ERROR;
				CLANG_WARN_QUOTED_INCLUDE_IN_FRAMEWORK_HEADER = YES;
				CLANG_WARN_RANGE_LOOP_ANALYSIS = YES;
				CLANG_WARN_STRICT_PROTOTYPES = YES;
				CLANG_WARN_SUSPICIOUS_MOVE = YES;
				CLANG_WARN_UNGUARDED_AVAILABILITY = YES_AGGRESSIVE;
				CLANG_WARN_UNREACHABLE_CODE = YES;
				CLANG_WARN__DUPLICATE_METHOD_MATCH = YES;
				COPY_PHASE_STRIP = NO;
				DEBUG_INFORMATION_FORMAT = "dwarf-with-dsym";
				ENABLE_NS_ASSERTIONS = NO;
				ENABLE_STRICT_OBJC_MSGSEND = YES;
				GCC_C_LANGUAGE_STANDARD = gnu11;
				GCC_NO_COMMON_BLOCKS = YES;
				GCC_WARN_64_TO_32_BIT_CONVERSION = YES;
				GCC_WARN_ABOUT_RETURN_TYPE = YES_ERROR;
				GCC_WARN_UNDECLARED_SELECTOR = YES;
				GCC_WARN_UNINITIALIZED_AUTOS = YES_AGGRESSIVE;
				GCC_WARN_UNUSED_FUNCTION = YES;
				GCC_WARN_UNUSED_VARIABLE = YES;
				IPHONEOS_DEPLOYMENT_TARGET = 15.5;
				MTL_ENABLE_DEBUG_INFO = NO;
				MTL_FAST_MATH = YES;
				SDKROOT = iphoneos;
				SWIFT_COMPILATION_MODE = wholemodule;
				SWIFT_OPTIMIZATION_LEVEL = "-O";
				VALIDATE_PRODUCT = YES;
			};
			name = Release;
		};
		214302762929DDE4000E74D0 /* Debug */ = {
			isa = XCBuildConfiguration;
			buildSettings = {
				ASSETCATALOG_COMPILER_APPICON_NAME = AppIcon;
				ASSETCATALOG_COMPILER_GLOBAL_ACCENT_COLOR_NAME = AccentColor;
				CODE_SIGN_STYLE = Automatic;
				CURRENT_PROJECT_VERSION = 1;
				DEVELOPMENT_TEAM = Z47THZSTTV;
				GENERATE_INFOPLIST_FILE = YES;
				INFOPLIST_FILE = "HackwichEleven!/Info.plist";
				INFOPLIST_KEY_UIApplicationSupportsIndirectInputEvents = YES;
				INFOPLIST_KEY_UILaunchStoryboardName = LaunchScreen;
				INFOPLIST_KEY_UIMainStoryboardFile = Main;
				INFOPLIST_KEY_UISupportedInterfaceOrientations_iPad = "UIInterfaceOrientationPortrait UIInterfaceOrientationPortraitUpsideDown UIInterfaceOrientationLandscapeLeft UIInterfaceOrientationLandscapeRight";
				INFOPLIST_KEY_UISupportedInterfaceOrientations_iPhone = "UIInterfaceOrientationPortrait UIInterfaceOrientationLandscapeLeft UIInterfaceOrientationLandscapeRight";
				LD_RUNPATH_SEARCH_PATHS = (
					"$(inherited)",
					"@executable_path/Frameworks",
				);
				MARKETING_VERSION = 1.0;
				PRODUCT_BUNDLE_IDENTIFIER = "UHWO.HackwichEleven-";
				PRODUCT_NAME = "$(TARGET_NAME)";
				SWIFT_EMIT_LOC_STRINGS = YES;
				SWIFT_VERSION = 5.0;
				TARGETED_DEVICE_FAMILY = "1,2";
			};
			name = Debug;
		};
		214302772929DDE4000E74D0 /* Release */ = {
			isa = XCBuildConfiguration;
			buildSettings = {
				ASSETCATALOG_COMPILER_APPICON_NAME = AppIcon;
				ASSETCATALOG_COMPILER_GLOBAL_ACCENT_COLOR_NAME = AccentColor;
				CODE_SIGN_STYLE = Automatic;
				CURRENT_PROJECT_VERSION = 1;
				DEVELOPMENT_TEAM = Z47THZSTTV;
				GENERATE_INFOPLIST_FILE = YES;
				INFOPLIST_FILE = "HackwichEleven!/Info.plist";
				INFOPLIST_KEY_UIApplicationSupportsIndirectInputEvents = YES;
				INFOPLIST_KEY_UILaunchStoryboardName = LaunchScreen;
				INFOPLIST_KEY_UIMainStoryboardFile = Main;
				INFOPLIST_KEY_UISupportedInterfaceOrientations_iPad = "UIInterfaceOrientationPortrait UIInterfaceOrientationPortraitUpsideDown UIInterfaceOrientationLandscapeLeft UIInterfaceOrientationLandscapeRight";
				INFOPLIST_KEY_UISupportedInterfaceOrientations_iPhone = "UIInterfaceOrientationPortrait UIInterfaceOrientationLandscapeLeft UIInterfaceOrientationLandscapeRight";
				LD_RUNPATH_SEARCH_PATHS = (
					"$(inherited)",
					"@executable_path/Frameworks",
				);
				MARKETING_VERSION = 1.0;
				PRODUCT_BUNDLE_IDENTIFIER = "UHWO.HackwichEleven-";
				PRODUCT_NAME = "$(TARGET_NAME)";
				SWIFT_EMIT_LOC_STRINGS = YES;
				SWIFT_VERSION = 5.0;
				TARGETED_DEVICE_FAMILY = "1,2";
			};
			name = Release;
		};
		214302792929DDE4000E74D0 /* Debug */ = {
			isa = XCBuildConfiguration;
			buildSettings = {
				ALWAYS_EMBED_SWIFT_STANDARD_LIBRARIES = YES;
				BUNDLE_LOADER = "$(TEST_HOST)";
				CODE_SIGN_STYLE = Automatic;
				CURRENT_PROJECT_VERSION = 1;
				DEVELOPMENT_TEAM = Z47THZSTTV;
				GENERATE_INFOPLIST_FILE = YES;
				IPHONEOS_DEPLOYMENT_TARGET = 15.5;
				MARKETING_VERSION = 1.0;
				PRODUCT_BUNDLE_IDENTIFIER = "UHWO.HackwichEleven-Tests";
				PRODUCT_NAME = "$(TARGET_NAME)";
				SWIFT_EMIT_LOC_STRINGS = NO;
				SWIFT_VERSION = 5.0;
				TARGETED_DEVICE_FAMILY = "1,2";
				TEST_HOST = "$(BUILT_PRODUCTS_DIR)/HackwichEleven!.app/HackwichEleven!";
			};
			name = Debug;
		};
		2143027A2929DDE4000E74D0 /* Release */ = {
			isa = XCBuildConfiguration;
			buildSettings = {
				ALWAYS_EMBED_SWIFT_STANDARD_LIBRARIES = YES;
				BUNDLE_LOADER = "$(TEST_HOST)";
				CODE_SIGN_STYLE = Automatic;
				CURRENT_PROJECT_VERSION = 1;
				DEVELOPMENT_TEAM = Z47THZSTTV;
				GENERATE_INFOPLIST_FILE = YES;
				IPHONEOS_DEPLOYMENT_TARGET = 15.5;
				MARKETING_VERSION = 1.0;
				PRODUCT_BUNDLE_IDENTIFIER = "UHWO.HackwichEleven-Tests";
				PRODUCT_NAME = "$(TARGET_NAME)";
				SWIFT_EMIT_LOC_STRINGS = NO;
				SWIFT_VERSION = 5.0;
				TARGETED_DEVICE_FAMILY = "1,2";
				TEST_HOST = "$(BUILT_PRODUCTS_DIR)/HackwichEleven!.app/HackwichEleven!";
			};
			name = Release;
		};
		2143027C2929DDE4000E74D0 /* Debug */ = {
			isa = XCBuildConfiguration;
			buildSettings = {
				ALWAYS_EMBED_SWIFT_STANDARD_LIBRARIES = YES;
				CODE_SIGN_STYLE = Automatic;
				CURRENT_PROJECT_VERSION = 1;
				DEVELOPMENT_TEAM = Z47THZSTTV;
				GENERATE_INFOPLIST_FILE = YES;
				MARKETING_VERSION = 1.0;
				PRODUCT_BUNDLE_IDENTIFIER = "UHWO.HackwichEleven-UITests";
				PRODUCT_NAME = "$(TARGET_NAME)";
				SWIFT_EMIT_LOC_STRINGS = NO;
				SWIFT_VERSION = 5.0;
				TARGETED_DEVICE_FAMILY = "1,2";
				TEST_TARGET_NAME = "HackwichEleven!";
			};
			name = Debug;
		};
		2143027D2929DDE4000E74D0 /* Release */ = {
			isa = XCBuildConfiguration;
			buildSettings = {
				ALWAYS_EMBED_SWIFT_STANDARD_LIBRARIES = YES;
				CODE_SIGN_STYLE = Automatic;
				CURRENT_PROJECT_VERSION = 1;
				DEVELOPMENT_TEAM = Z47THZSTTV;
				GENERATE_INFOPLIST_FILE = YES;
				MARKETING_VERSION = 1.0;
				PRODUCT_BUNDLE_IDENTIFIER = "UHWO.HackwichEleven-UITests";
				PRODUCT_NAME = "$(TARGET_NAME)";
				SWIFT_EMIT_LOC_STRINGS = NO;
				SWIFT_VERSION = 5.0;
				TARGETED_DEVICE_FAMILY = "1,2";
				TEST_TARGET_NAME = "HackwichEleven!";
			};
			name = Release;
		};
/* End XCBuildConfiguration section */

/* Begin XCConfigurationList section */
		214302462929DDE3000E74D0 /* Build configuration list for PBXProject "HackwichEleven!" */ = {
			isa = XCConfigurationList;
			buildConfigurations = (
				214302732929DDE4000E74D0 /* Debug */,
				214302742929DDE4000E74D0 /* Release */,
			);
			defaultConfigurationIsVisible = 0;
			defaultConfigurationName = Release;
		};
		214302752929DDE4000E74D0 /* Build configuration list for PBXNativeTarget "HackwichEleven!" */ = {
			isa = XCConfigurationList;
			buildConfigurations = (
				214302762929DDE4000E74D0 /* Debug */,
				214302772929DDE4000E74D0 /* Release */,
			);
			defaultConfigurationIsVisible = 0;
			defaultConfigurationName = Release;
		};
		214302782929DDE4000E74D0 /* Build configuration list for PBXNativeTarget "HackwichEleven!Tests" */ = {
			isa = XCConfigurationList;
			buildConfigurations = (
				214302792929DDE4000E74D0 /* Debug */,
				2143027A2929DDE4000E74D0 /* Release */,
			);
			defaultConfigurationIsVisible = 0;
			defaultConfigurationName = Release;
		};
		2143027B2929DDE4000E74D0 /* Build configuration list for PBXNativeTarget "HackwichEleven!UITests" */ = {
			isa = XCConfigurationList;
			buildConfigurations = (
				2143027C2929DDE4000E74D0 /* Debug */,
				2143027D2929DDE4000E74D0 /* Release */,
			);
			defaultConfigurationIsVisible = 0;
			defaultConfigurationName = Release;
		};
/* End XCConfigurationList section */
	};
	rootObject = 214302432929DDE3000E74D0 /* Project object */;
}
